# -------------------------------------------------------------------------- #
#
# Copyright (C) 2018  Intel Corporation. All rights reserved.
# Your use of Intel Corporation's design tools, logic functions 
# and other software and tools, and its AMPP partner logic 
# functions, and any output files from any of the foregoing 
# (including device programming or simulation files), and any 
# associated documentation or information are expressly subject 
# to the terms and conditions of the Intel Program License 
# Subscription Agreement, the Intel Quartus Prime License Agreement,
# the Intel FPGA IP License Agreement, or other applicable license
# agreement, including, without limitation, that your use is for
# the sole purpose of programming logic devices manufactured by
# Intel and sold by Intel or its authorized distributors.  Please
# refer to the applicable agreement for further details.
#
# -------------------------------------------------------------------------- #
#
# Quartus Prime
# Version 18.1.0 Build 625 09/12/2018 SJ Lite Edition
# Date created = 14:58:57  July 08, 2025
#
# -------------------------------------------------------------------------- #
#
# Notes:
#
# 1) The default values for assignments are stored in the file:
#		RV32IMF_assignment_defaults.qdf
#    If this file doesn't exist, see file:
#		assignment_defaults.qdf
#
# 2) Altera recommends that you do not modify this file. This
#    file is updated automatically by the Quartus Prime software
#    and any changes you make may be lost or overwritten.
#
# -------------------------------------------------------------------------- #


set_global_assignment -name FAMILY "Cyclone V"
set_global_assignment -name DEVICE 5CSEBA6U23I7
set_global_assignment -name TOP_LEVEL_ENTITY RV32IMF_PROJECT
set_global_assignment -name ORIGINAL_QUARTUS_VERSION 18.1.0
set_global_assignment -name PROJECT_CREATION_TIME_DATE "14:58:57  JULY 08, 2025"
set_global_assignment -name LAST_QUARTUS_VERSION "18.1.0 Lite Edition"
set_global_assignment -name MIN_CORE_JUNCTION_TEMP "-40"
set_global_assignment -name MAX_CORE_JUNCTION_TEMP 100
set_global_assignment -name VHDL_FILE write_back_stage.vhd
set_global_assignment -name VHDL_FILE uart_buff.vhd
set_global_assignment -name VHDL_FILE uart.vhd
set_global_assignment -name VHDL_FILE Tx.vhd
set_global_assignment -name VHDL_FILE tools.vhd
set_global_assignment -name VHDL_FILE shift_reg.vhd
set_global_assignment -name VHDL_FILE sevseg.vhd
set_global_assignment -name VHDL_FILE Rx.vhd
set_global_assignment -name VHDL_FILE RV32IMF_PROJECT.vhd
set_global_assignment -name VHDL_FILE RV32IMF_control.vhd
set_global_assignment -name VHDL_FILE RV32IMF.vhd
set_global_assignment -name VHDL_FILE register_file.vhd
set_global_assignment -name VHDL_FILE ram_byteaddressable32.vhd
set_global_assignment -name QIP_FILE ram_block.qip
set_global_assignment -name SOURCE_FILE ram_block.cmp
set_global_assignment -name VHDL_FILE mul_div.vhd
set_global_assignment -name VHDL_FILE memory_stage.vhd
set_global_assignment -name VHDL_FILE load_store_unit.vhd
set_global_assignment -name VHDL_FILE int_tofloat_control.vhd
set_global_assignment -name VHDL_FILE int_tofloat.vhd
set_global_assignment -name VHDL_FILE int_mul_div.vhd
set_global_assignment -name VHDL_FILE generic_SL_reg.vhd
set_global_assignment -name VHDL_FILE generic_reg.vhd
set_global_assignment -name VHDL_FILE fp_unit_control.vhd
set_global_assignment -name VHDL_FILE fp_unit.vhd
set_global_assignment -name VHDL_FILE fp_mul_div_control.vhd
set_global_assignment -name VHDL_FILE fp_mul_div.vhd
set_global_assignment -name VHDL_FILE fp_compare.vhd
set_global_assignment -name VHDL_FILE fp_add_sub_control.vhd
set_global_assignment -name VHDL_FILE fp_add_sub.vhd
set_global_assignment -name VHDL_FILE float_toint_control.vhd
set_global_assignment -name VHDL_FILE float_toint.vhd
set_global_assignment -name VHDL_FILE fetch_stage.vhd
set_global_assignment -name VHDL_FILE execute_stage.vhd
set_global_assignment -name VHDL_FILE division_control.vhd
set_global_assignment -name VHDL_FILE divider.vhd
set_global_assignment -name VHDL_FILE decode_stage.vhd
set_global_assignment -name VHDL_FILE counter.vhd
set_global_assignment -name VHDL_FILE arithmetic_logic_unit.vhd
set_global_assignment -name VHDL_FILE add_sub.vhd
set_global_assignment -name POWER_PRESET_COOLING_SOLUTION "23 MM HEAT SINK WITH 200 LFPM AIRFLOW"
set_global_assignment -name POWER_BOARD_THERMAL_MODEL "NONE (CONSERVATIVE)"
set_global_assignment -name EDA_SIMULATION_TOOL "ModelSim-Altera (VHDL)"
set_global_assignment -name EDA_TIME_SCALE "1 ps" -section_id eda_simulation
set_global_assignment -name EDA_OUTPUT_DATA_FORMAT VHDL -section_id eda_simulation
set_global_assignment -name VHDL_INPUT_VERSION VHDL_2008
set_global_assignment -name VHDL_SHOW_LMF_MAPPING_MESSAGES OFF
set_location_assignment PIN_V11 -to clk
set_location_assignment PIN_V15 -to instruction_address[3]
set_location_assignment PIN_V16 -to instruction_address[2]
set_location_assignment PIN_AA24 -to instruction_address[1]
set_location_assignment PIN_W15 -to instruction_address[0]
set_location_assignment PIN_W24 -to int
set_location_assignment PIN_Y24 -to rst
set_location_assignment PIN_AF26 -to rx_done
set_location_assignment PIN_AE26 -to tx_done
set_location_assignment PIN_E8 -to serial_rx
set_location_assignment PIN_V12 -to serial_tx
set_global_assignment -name ENABLE_SIGNALTAP OFF
set_global_assignment -name USE_SIGNALTAP_FILE stp1.stp
set_global_assignment -name SIGNALTAP_FILE stp1.stp
set_global_assignment -name TIMING_ANALYZER_MULTICORNER_ANALYSIS ON
set_global_assignment -name NUM_PARALLEL_PROCESSORS 4
set_global_assignment -name PARTITION_NETLIST_TYPE SOURCE -section_id Top
set_global_assignment -name PARTITION_FITTER_PRESERVATION_LEVEL PLACEMENT_AND_ROUTING -section_id Top
set_global_assignment -name PARTITION_COLOR 16764057 -section_id Top
set_global_assignment -name ALLOW_REGISTER_RETIMING ON
set_instance_assignment -name PARTITION_HIERARCHY root_partition -to | -section_id Top